
Microsoft Visual Studio Solution File, Format Version 12.00
# Visual Studio Version 17
VisualStudioVersion = 17.0.32014.148
MinimumVisualStudioVersion = 10.0.40219.1
Project("{9A19103F-16F7-4668-BE54-9A1E7A4F7556}") = "WebApplicationAngular", "WebApplicationAngular.csproj", "{04A588E7-CE32-4247-AEF8-F7E4C1A04BFD}"
EndProject
Project("{2150E333-8FDC-42A3-9474-1A3956D46DE8}") = "Solution Items", "Solution Items", "{48AA99FD-2EBB-4283-B265-0647761EC592}"
	ProjectSection(SolutionItems) = preProject
		ReadMe.txt = ReadMe.txt
	EndProjectSection
EndProject
Global
	GlobalSection(SolutionConfigurationPlatforms) = preSolution
		Debug|Any CPU = Debug|Any CPU
		Release|Any CPU = Release|Any CPU
	EndGlobalSection
	GlobalSection(ProjectConfigurationPlatforms) = postSolution
		{04A588E7-CE32-4247-AEF8-F7E4C1A04BFD}.Debug|Any CPU.ActiveCfg = Debug|Any CPU
		{04A588E7-CE32-4247-AEF8-F7E4C1A04BFD}.Debug|Any CPU.Build.0 = Debug|Any CPU
		{04A588E7-CE32-4247-AEF8-F7E4C1A04BFD}.Release|Any CPU.ActiveCfg = Release|Any CPU
		{04A588E7-CE32-4247-AEF8-F7E4C1A04BFD}.Release|Any CPU.Build.0 = Release|Any CPU
	EndGlobalSection
	GlobalSection(SolutionProperties) = preSolution
		HideSolutionNode = FALSE
	EndGlobalSection
	GlobalSection(ExtensibilityGlobals) = postSolution
		SolutionGuid = {6F246A69-3C45-4686-93B3-E1B10499F1A9}
	EndGlobalSection
EndGlobal
